
Microsoft Visual Studio Solution File, Format Version 12.00
# Visual Studio Version 16
VisualStudioVersion = 16.0.30320.27
MinimumVisualStudioVersion = 10.0.40219.1
Project("{FAE04EC0-301F-11D3-BF4B-00C04F79EFBC}") = "WebApplication5", "WebApplication5.csproj", "{A1C1CF6F-89BC-407E-8841-5A77B32968FD}"
EndProject
Global
	GlobalSection(SolutionConfigurationPlatforms) = preSolution
		Debug|Any CPU = Debug|Any CPU
		Release|Any CPU = Release|Any CPU
	EndGlobalSection
	GlobalSection(ProjectConfigurationPlatforms) = postSolution
		{A1C1CF6F-89BC-407E-8841-5A77B32968FD}.Debug|Any CPU.ActiveCfg = Debug|Any CPU
		{A1C1CF6F-89BC-407E-8841-5A77B32968FD}.Debug|Any CPU.Build.0 = Debug|Any CPU
		{A1C1CF6F-89BC-407E-8841-5A77B32968FD}.Release|Any CPU.ActiveCfg = Release|Any CPU
		{A1C1CF6F-89BC-407E-8841-5A77B32968FD}.Release|Any CPU.Build.0 = Release|Any CPU
	EndGlobalSection
	GlobalSection(SolutionProperties) = preSolution
		HideSolutionNode = FALSE
	EndGlobalSection
	GlobalSection(ExtensibilityGlobals) = postSolution
		SolutionGuid = {07F4DB12-E8CA-4310-9DBC-3F1F7B695CA4}
	EndGlobalSection
EndGlobal
